
Microsoft Visual Studio Solution File, Format Version 12.00
# Visual Studio Version 17
VisualStudioVersion = 17.13.35828.75
MinimumVisualStudioVersion = 10.0.40219.1
Project("{2150E333-8FDC-42A3-9474-1A3956D46DE8}") = "Src", "Src", "{02EA681E-C7D8-13C7-8484-4AC65E1B71E8}"
EndProject
Project("{2150E333-8FDC-42A3-9474-1A3956D46DE8}") = "Test", "Test", "{2A628073-2670-40AA-88AB-47AAD18EB1C3}"
EndProject
Project("{2150E333-8FDC-42A3-9474-1A3956D46DE8}") = "APIs", "APIs", "{B32B293E-9833-4C01-A759-702AACEA10AF}"
EndProject
Project("{2150E333-8FDC-42A3-9474-1A3956D46DE8}") = "Core", "Core", "{B738294F-FB59-4834-ABA0-503C6C73AAC4}"
EndProject
Project("{2150E333-8FDC-42A3-9474-1A3956D46DE8}") = "Infrastructure", "Infrastructure", "{D8B162F3-D181-4DD1-9BB9-CD04D7CE05ED}"
EndProject
Project("{2150E333-8FDC-42A3-9474-1A3956D46DE8}") = "UI", "UI", "{C81DACA5-9E2F-42DF-8702-4B6C381D1AC3}"
EndProject
Project("{2150E333-8FDC-42A3-9474-1A3956D46DE8}") = "Client", "Client", "{90112784-DA16-4FC4-B5A2-D99B40F67E59}"
EndProject
Project("{2150E333-8FDC-42A3-9474-1A3956D46DE8}") = "Dashboard", "Dashboard", "{F074877E-4F91-43D2-94E1-AC54827442C5}"
EndProject
Project("{FAE04EC0-301F-11D3-BF4B-00C04F79EFBC}") = "ITI.Shipping.APIs", "ITI.Shipping.APIs\ITI.Shipping.APIs.csproj", "{5D4C530F-F44E-4B6F-8745-9990CD674EE8}"
EndProject
Project("{FAE04EC0-301F-11D3-BF4B-00C04F79EFBC}") = "ITI.Shipping.Core.Domin", "ITI.Shipping.Core.Domin\ITI.Shipping.Core.Domin.csproj", "{8669A083-CE4D-4046-8010-CC55CD023DCB}"
EndProject
Project("{FAE04EC0-301F-11D3-BF4B-00C04F79EFBC}") = "ITI.Shipping.Core.Application", "ITI.Shipping.Core.Application\ITI.Shipping.Core.Application.csproj", "{ED2D9DEA-9C8C-4DB6-AEBB-247C2D0D6398}"
EndProject
Project("{FAE04EC0-301F-11D3-BF4B-00C04F79EFBC}") = "ITI.Shipping.Core.Application.Abstraction", "ITI.Shipping.Core.Application.Abstraction\ITI.Shipping.Core.Application.Abstraction.csproj", "{4C43069B-6913-4518-A564-20827A94EB35}"
EndProject
Project("{FAE04EC0-301F-11D3-BF4B-00C04F79EFBC}") = "ITI.Shipping.Infrastructure.Presistence", "ITI.Shipping.Infrastructure.Presistence\ITI.Shipping.Infrastructure.Presistence.csproj", "{3EE20489-32A9-4EB5-AF75-6484E7037946}"
EndProject
Project("{FAE04EC0-301F-11D3-BF4B-00C04F79EFBC}") = "UnitTest", "UnitTest\UnitTest.csproj", "{557DB1A2-696B-4E31-8A10-FE3935F25F39}"
EndProject
Global
	GlobalSection(SolutionConfigurationPlatforms) = preSolution
		Debug|Any CPU = Debug|Any CPU
		Release|Any CPU = Release|Any CPU
	EndGlobalSection
	GlobalSection(ProjectConfigurationPlatforms) = postSolution
		{5D4C530F-F44E-4B6F-8745-9990CD674EE8}.Debug|Any CPU.ActiveCfg = Debug|Any CPU
		{5D4C530F-F44E-4B6F-8745-9990CD674EE8}.Debug|Any CPU.Build.0 = Debug|Any CPU
		{5D4C530F-F44E-4B6F-8745-9990CD674EE8}.Release|Any CPU.ActiveCfg = Release|Any CPU
		{5D4C530F-F44E-4B6F-8745-9990CD674EE8}.Release|Any CPU.Build.0 = Release|Any CPU
		{8669A083-CE4D-4046-8010-CC55CD023DCB}.Debug|Any CPU.ActiveCfg = Debug|Any CPU
		{8669A083-CE4D-4046-8010-CC55CD023DCB}.Debug|Any CPU.Build.0 = Debug|Any CPU
		{8669A083-CE4D-4046-8010-CC55CD023DCB}.Release|Any CPU.ActiveCfg = Release|Any CPU
		{8669A083-CE4D-4046-8010-CC55CD023DCB}.Release|Any CPU.Build.0 = Release|Any CPU
		{ED2D9DEA-9C8C-4DB6-AEBB-247C2D0D6398}.Debug|Any CPU.ActiveCfg = Debug|Any CPU
		{ED2D9DEA-9C8C-4DB6-AEBB-247C2D0D6398}.Debug|Any CPU.Build.0 = Debug|Any CPU
		{ED2D9DEA-9C8C-4DB6-AEBB-247C2D0D6398}.Release|Any CPU.ActiveCfg = Release|Any CPU
		{ED2D9DEA-9C8C-4DB6-AEBB-247C2D0D6398}.Release|Any CPU.Build.0 = Release|Any CPU
		{4C43069B-6913-4518-A564-20827A94EB35}.Debug|Any CPU.ActiveCfg = Debug|Any CPU
		{4C43069B-6913-4518-A564-20827A94EB35}.Debug|Any CPU.Build.0 = Debug|Any CPU
		{4C43069B-6913-4518-A564-20827A94EB35}.Release|Any CPU.ActiveCfg = Release|Any CPU
		{4C43069B-6913-4518-A564-20827A94EB35}.Release|Any CPU.Build.0 = Release|Any CPU
		{3EE20489-32A9-4EB5-AF75-6484E7037946}.Debug|Any CPU.ActiveCfg = Debug|Any CPU
		{3EE20489-32A9-4EB5-AF75-6484E7037946}.Debug|Any CPU.Build.0 = Debug|Any CPU
		{3EE20489-32A9-4EB5-AF75-6484E7037946}.Release|Any CPU.ActiveCfg = Release|Any CPU
		{3EE20489-32A9-4EB5-AF75-6484E7037946}.Release|Any CPU.Build.0 = Release|Any CPU
		{557DB1A2-696B-4E31-8A10-FE3935F25F39}.Debug|Any CPU.ActiveCfg = Debug|Any CPU
		{557DB1A2-696B-4E31-8A10-FE3935F25F39}.Debug|Any CPU.Build.0 = Debug|Any CPU
		{557DB1A2-696B-4E31-8A10-FE3935F25F39}.Release|Any CPU.ActiveCfg = Release|Any CPU
		{557DB1A2-696B-4E31-8A10-FE3935F25F39}.Release|Any CPU.Build.0 = Release|Any CPU
	EndGlobalSection
	GlobalSection(SolutionProperties) = preSolution
		HideSolutionNode = FALSE
	EndGlobalSection
	GlobalSection(NestedProjects) = preSolution
		{B32B293E-9833-4C01-A759-702AACEA10AF} = {02EA681E-C7D8-13C7-8484-4AC65E1B71E8}
		{B738294F-FB59-4834-ABA0-503C6C73AAC4} = {02EA681E-C7D8-13C7-8484-4AC65E1B71E8}
		{D8B162F3-D181-4DD1-9BB9-CD04D7CE05ED} = {02EA681E-C7D8-13C7-8484-4AC65E1B71E8}
		{C81DACA5-9E2F-42DF-8702-4B6C381D1AC3} = {02EA681E-C7D8-13C7-8484-4AC65E1B71E8}
		{90112784-DA16-4FC4-B5A2-D99B40F67E59} = {C81DACA5-9E2F-42DF-8702-4B6C381D1AC3}
		{F074877E-4F91-43D2-94E1-AC54827442C5} = {C81DACA5-9E2F-42DF-8702-4B6C381D1AC3}
		{5D4C530F-F44E-4B6F-8745-9990CD674EE8} = {B32B293E-9833-4C01-A759-702AACEA10AF}
		{8669A083-CE4D-4046-8010-CC55CD023DCB} = {B738294F-FB59-4834-ABA0-503C6C73AAC4}
		{ED2D9DEA-9C8C-4DB6-AEBB-247C2D0D6398} = {B738294F-FB59-4834-ABA0-503C6C73AAC4}
		{4C43069B-6913-4518-A564-20827A94EB35} = {B738294F-FB59-4834-ABA0-503C6C73AAC4}
		{3EE20489-32A9-4EB5-AF75-6484E7037946} = {D8B162F3-D181-4DD1-9BB9-CD04D7CE05ED}
		{557DB1A2-696B-4E31-8A10-FE3935F25F39} = {2A628073-2670-40AA-88AB-47AAD18EB1C3}
	EndGlobalSection
	GlobalSection(ExtensibilityGlobals) = postSolution
		SolutionGuid = {36F685B0-E8C1-4140-8342-0E96D2247D72}
	EndGlobalSection
EndGlobal
